
Microsoft Visual Studio Solution File, Format Version 12.00
# Visual Studio Version 17
VisualStudioVersion = 17.2.32616.157
MinimumVisualStudioVersion = 10.0.40219.1
Project("{2150E333-8FDC-42A3-9474-1A3956D46DE8}") = "SalesDatePrediction", "SalesDatePrediction", "{9085B0F8-7557-40CF-ACC9-61F4B2981298}"
EndProject
Project("{2150E333-8FDC-42A3-9474-1A3956D46DE8}") = "UI", "UI", "{E2B4D106-A746-4B5F-A5DA-EDCF8B68ECDD}"
EndProject
Project("{2150E333-8FDC-42A3-9474-1A3956D46DE8}") = "CORE", "CORE", "{39CB7CC2-3E39-4667-9E2B-40860E0DB059}"
EndProject
Project("{2150E333-8FDC-42A3-9474-1A3956D46DE8}") = "Domain", "Domain", "{4BA9CB17-9D83-460A-ADDA-5B48BF28526B}"
EndProject
Project("{2150E333-8FDC-42A3-9474-1A3956D46DE8}") = "Aplication", "Aplication", "{9F4B7C21-4080-489A-863B-24E525096ACC}"
EndProject
Project("{2150E333-8FDC-42A3-9474-1A3956D46DE8}") = "Infra", "Infra", "{E2D3453B-6B70-4CC2-99D8-EED5A6DD916F}"
EndProject
Project("{9A19103F-16F7-4668-BE54-9A1E7A4F7556}") = "APLICATION_AGGREGATES", "APLICATION_AGGREGATES\APLICATION_AGGREGATES.csproj", "{ECFED6CB-7A02-40BF-8E84-9ECC5EED1325}"
EndProject
Project("{9A19103F-16F7-4668-BE54-9A1E7A4F7556}") = "APLICATION_CORE", "APLICATION_CORE\APLICATION_CORE.csproj", "{BA6212CD-6BD7-432A-AAC2-9A349C51C990}"
EndProject
Project("{9A19103F-16F7-4668-BE54-9A1E7A4F7556}") = "APLICATION_IMPLEMENTATION", "APLICATION_IMPLEMENTATION\APLICATION_IMPLEMENTATION.csproj", "{2F287A94-5981-4D80-9E76-7D241D097ED7}"
EndProject
Project("{9A19103F-16F7-4668-BE54-9A1E7A4F7556}") = "DOMAIN_AGGREGATES", "DOMAIN_AGGREGATES\DOMAIN_AGGREGATES.csproj", "{07C80E77-423C-400E-AD9E-2473321602B6}"
EndProject
Project("{9A19103F-16F7-4668-BE54-9A1E7A4F7556}") = "DOMAIN_CORE", "DOMAIN_CORE\DOMAIN_CORE.csproj", "{9F050FC9-7568-483D-ADBA-90CB1D3EFA94}"
EndProject
Project("{2150E333-8FDC-42A3-9474-1A3956D46DE8}") = "Data", "Data", "{BDAA306A-D4DE-454B-8725-767A186282AB}"
EndProject
Project("{2150E333-8FDC-42A3-9474-1A3956D46DE8}") = "Tools", "Tools", "{C5445E79-76CA-4E50-9423-21349D535BB1}"
EndProject
Project("{9A19103F-16F7-4668-BE54-9A1E7A4F7556}") = "PERSITENCE_CORE", "PERSITENCE_CORE\PERSITENCE_CORE.csproj", "{3CBB74AD-FFFB-4248-A49C-5BE51E3B7BDF}"
EndProject
Project("{9A19103F-16F7-4668-BE54-9A1E7A4F7556}") = "PERSITENCE_IMPLEMENTATION", "PERSITENCE_IMPLEMENTATION\PERSITENCE_IMPLEMENTATION.csproj", "{F7A6AB4C-98EB-48BF-83C4-534424C6773A}"
EndProject
Project("{9A19103F-16F7-4668-BE54-9A1E7A4F7556}") = "PERSITENCE_REPOSITORY", "PERSITENCE_REPOSITORY\PERSITENCE_REPOSITORY.csproj", "{2EBE318A-97AF-4428-9D45-40C43B22AFB4}"
EndProject
Project("{9A19103F-16F7-4668-BE54-9A1E7A4F7556}") = "INFRA_TOOLS_AGGREGATES", "INFRA_TOOLS_AGGREGATES\INFRA_TOOLS_AGGREGATES.csproj", "{29269CF2-CF21-43A1-A46A-57FB25179A8B}"
EndProject
Project("{9A19103F-16F7-4668-BE54-9A1E7A4F7556}") = "INFRA_TOOLS_CORE", "INFRA_TOOLS_CORE\INFRA_TOOLS_CORE.csproj", "{5DDFB343-F150-48A7-992A-7101D0C0CA4D}"
EndProject
Project("{9A19103F-16F7-4668-BE54-9A1E7A4F7556}") = "INFRA_TOOLS_IMPLEMENTATION", "INFRA_TOOLS_IMPLEMENTATION\INFRA_TOOLS_IMPLEMENTATION.csproj", "{66811235-CA21-4F71-A2F4-1A50E0640355}"
EndProject
Project("{9A19103F-16F7-4668-BE54-9A1E7A4F7556}") = "API_BILLD", "API_BILLD\API_BILLD.csproj", "{B7DA71A0-619F-4C7C-B2F0-32F8A9E5421B}"
EndProject
Project("{9A19103F-16F7-4668-BE54-9A1E7A4F7556}") = "API_GET_CUSTOMERS", "API_GET_CUSTOMERS\API_GET_CUSTOMERS.csproj", "{9CD50B90-4DA1-45AF-8078-04E9D5376C19}"
EndProject
Project("{9A19103F-16F7-4668-BE54-9A1E7A4F7556}") = "API_GET_USER", "API_GET_USER\API_GET_USER.csproj", "{ADD90D9E-1E2F-4112-B6A2-75D311B48539}"
EndProject
Global
	GlobalSection(SolutionConfigurationPlatforms) = preSolution
		Debug|Any CPU = Debug|Any CPU
		Release|Any CPU = Release|Any CPU
	EndGlobalSection
	GlobalSection(ProjectConfigurationPlatforms) = postSolution
		{ECFED6CB-7A02-40BF-8E84-9ECC5EED1325}.Debug|Any CPU.ActiveCfg = Debug|Any CPU
		{ECFED6CB-7A02-40BF-8E84-9ECC5EED1325}.Debug|Any CPU.Build.0 = Debug|Any CPU
		{ECFED6CB-7A02-40BF-8E84-9ECC5EED1325}.Release|Any CPU.ActiveCfg = Release|Any CPU
		{ECFED6CB-7A02-40BF-8E84-9ECC5EED1325}.Release|Any CPU.Build.0 = Release|Any CPU
		{BA6212CD-6BD7-432A-AAC2-9A349C51C990}.Debug|Any CPU.ActiveCfg = Debug|Any CPU
		{BA6212CD-6BD7-432A-AAC2-9A349C51C990}.Debug|Any CPU.Build.0 = Debug|Any CPU
		{BA6212CD-6BD7-432A-AAC2-9A349C51C990}.Release|Any CPU.ActiveCfg = Release|Any CPU
		{BA6212CD-6BD7-432A-AAC2-9A349C51C990}.Release|Any CPU.Build.0 = Release|Any CPU
		{2F287A94-5981-4D80-9E76-7D241D097ED7}.Debug|Any CPU.ActiveCfg = Debug|Any CPU
		{2F287A94-5981-4D80-9E76-7D241D097ED7}.Debug|Any CPU.Build.0 = Debug|Any CPU
		{2F287A94-5981-4D80-9E76-7D241D097ED7}.Release|Any CPU.ActiveCfg = Release|Any CPU
		{2F287A94-5981-4D80-9E76-7D241D097ED7}.Release|Any CPU.Build.0 = Release|Any CPU
		{07C80E77-423C-400E-AD9E-2473321602B6}.Debug|Any CPU.ActiveCfg = Debug|Any CPU
		{07C80E77-423C-400E-AD9E-2473321602B6}.Debug|Any CPU.Build.0 = Debug|Any CPU
		{07C80E77-423C-400E-AD9E-2473321602B6}.Release|Any CPU.ActiveCfg = Release|Any CPU
		{07C80E77-423C-400E-AD9E-2473321602B6}.Release|Any CPU.Build.0 = Release|Any CPU
		{9F050FC9-7568-483D-ADBA-90CB1D3EFA94}.Debug|Any CPU.ActiveCfg = Debug|Any CPU
		{9F050FC9-7568-483D-ADBA-90CB1D3EFA94}.Debug|Any CPU.Build.0 = Debug|Any CPU
		{9F050FC9-7568-483D-ADBA-90CB1D3EFA94}.Release|Any CPU.ActiveCfg = Release|Any CPU
		{9F050FC9-7568-483D-ADBA-90CB1D3EFA94}.Release|Any CPU.Build.0 = Release|Any CPU
		{3CBB74AD-FFFB-4248-A49C-5BE51E3B7BDF}.Debug|Any CPU.ActiveCfg = Debug|Any CPU
		{3CBB74AD-FFFB-4248-A49C-5BE51E3B7BDF}.Debug|Any CPU.Build.0 = Debug|Any CPU
		{3CBB74AD-FFFB-4248-A49C-5BE51E3B7BDF}.Release|Any CPU.ActiveCfg = Release|Any CPU
		{3CBB74AD-FFFB-4248-A49C-5BE51E3B7BDF}.Release|Any CPU.Build.0 = Release|Any CPU
		{F7A6AB4C-98EB-48BF-83C4-534424C6773A}.Debug|Any CPU.ActiveCfg = Debug|Any CPU
		{F7A6AB4C-98EB-48BF-83C4-534424C6773A}.Debug|Any CPU.Build.0 = Debug|Any CPU
		{F7A6AB4C-98EB-48BF-83C4-534424C6773A}.Release|Any CPU.ActiveCfg = Release|Any CPU
		{F7A6AB4C-98EB-48BF-83C4-534424C6773A}.Release|Any CPU.Build.0 = Release|Any CPU
		{2EBE318A-97AF-4428-9D45-40C43B22AFB4}.Debug|Any CPU.ActiveCfg = Debug|Any CPU
		{2EBE318A-97AF-4428-9D45-40C43B22AFB4}.Debug|Any CPU.Build.0 = Debug|Any CPU
		{2EBE318A-97AF-4428-9D45-40C43B22AFB4}.Release|Any CPU.ActiveCfg = Release|Any CPU
		{2EBE318A-97AF-4428-9D45-40C43B22AFB4}.Release|Any CPU.Build.0 = Release|Any CPU
		{29269CF2-CF21-43A1-A46A-57FB25179A8B}.Debug|Any CPU.ActiveCfg = Debug|Any CPU
		{29269CF2-CF21-43A1-A46A-57FB25179A8B}.Debug|Any CPU.Build.0 = Debug|Any CPU
		{29269CF2-CF21-43A1-A46A-57FB25179A8B}.Release|Any CPU.ActiveCfg = Release|Any CPU
		{29269CF2-CF21-43A1-A46A-57FB25179A8B}.Release|Any CPU.Build.0 = Release|Any CPU
		{5DDFB343-F150-48A7-992A-7101D0C0CA4D}.Debug|Any CPU.ActiveCfg = Debug|Any CPU
		{5DDFB343-F150-48A7-992A-7101D0C0CA4D}.Debug|Any CPU.Build.0 = Debug|Any CPU
		{5DDFB343-F150-48A7-992A-7101D0C0CA4D}.Release|Any CPU.ActiveCfg = Release|Any CPU
		{5DDFB343-F150-48A7-992A-7101D0C0CA4D}.Release|Any CPU.Build.0 = Release|Any CPU
		{66811235-CA21-4F71-A2F4-1A50E0640355}.Debug|Any CPU.ActiveCfg = Debug|Any CPU
		{66811235-CA21-4F71-A2F4-1A50E0640355}.Debug|Any CPU.Build.0 = Debug|Any CPU
		{66811235-CA21-4F71-A2F4-1A50E0640355}.Release|Any CPU.ActiveCfg = Release|Any CPU
		{66811235-CA21-4F71-A2F4-1A50E0640355}.Release|Any CPU.Build.0 = Release|Any CPU
		{B7DA71A0-619F-4C7C-B2F0-32F8A9E5421B}.Debug|Any CPU.ActiveCfg = Debug|Any CPU
		{B7DA71A0-619F-4C7C-B2F0-32F8A9E5421B}.Debug|Any CPU.Build.0 = Debug|Any CPU
		{B7DA71A0-619F-4C7C-B2F0-32F8A9E5421B}.Release|Any CPU.ActiveCfg = Release|Any CPU
		{B7DA71A0-619F-4C7C-B2F0-32F8A9E5421B}.Release|Any CPU.Build.0 = Release|Any CPU
		{9CD50B90-4DA1-45AF-8078-04E9D5376C19}.Debug|Any CPU.ActiveCfg = Debug|Any CPU
		{9CD50B90-4DA1-45AF-8078-04E9D5376C19}.Debug|Any CPU.Build.0 = Debug|Any CPU
		{9CD50B90-4DA1-45AF-8078-04E9D5376C19}.Release|Any CPU.ActiveCfg = Release|Any CPU
		{9CD50B90-4DA1-45AF-8078-04E9D5376C19}.Release|Any CPU.Build.0 = Release|Any CPU
		{ADD90D9E-1E2F-4112-B6A2-75D311B48539}.Debug|Any CPU.ActiveCfg = Debug|Any CPU
		{ADD90D9E-1E2F-4112-B6A2-75D311B48539}.Debug|Any CPU.Build.0 = Debug|Any CPU
		{ADD90D9E-1E2F-4112-B6A2-75D311B48539}.Release|Any CPU.ActiveCfg = Release|Any CPU
		{ADD90D9E-1E2F-4112-B6A2-75D311B48539}.Release|Any CPU.Build.0 = Release|Any CPU
	EndGlobalSection
	GlobalSection(SolutionProperties) = preSolution
		HideSolutionNode = FALSE
	EndGlobalSection
	GlobalSection(NestedProjects) = preSolution
		{E2B4D106-A746-4B5F-A5DA-EDCF8B68ECDD} = {9085B0F8-7557-40CF-ACC9-61F4B2981298}
		{39CB7CC2-3E39-4667-9E2B-40860E0DB059} = {9085B0F8-7557-40CF-ACC9-61F4B2981298}
		{4BA9CB17-9D83-460A-ADDA-5B48BF28526B} = {39CB7CC2-3E39-4667-9E2B-40860E0DB059}
		{9F4B7C21-4080-489A-863B-24E525096ACC} = {39CB7CC2-3E39-4667-9E2B-40860E0DB059}
		{E2D3453B-6B70-4CC2-99D8-EED5A6DD916F} = {39CB7CC2-3E39-4667-9E2B-40860E0DB059}
		{ECFED6CB-7A02-40BF-8E84-9ECC5EED1325} = {9F4B7C21-4080-489A-863B-24E525096ACC}
		{BA6212CD-6BD7-432A-AAC2-9A349C51C990} = {9F4B7C21-4080-489A-863B-24E525096ACC}
		{2F287A94-5981-4D80-9E76-7D241D097ED7} = {9F4B7C21-4080-489A-863B-24E525096ACC}
		{07C80E77-423C-400E-AD9E-2473321602B6} = {4BA9CB17-9D83-460A-ADDA-5B48BF28526B}
		{9F050FC9-7568-483D-ADBA-90CB1D3EFA94} = {4BA9CB17-9D83-460A-ADDA-5B48BF28526B}
		{BDAA306A-D4DE-454B-8725-767A186282AB} = {E2D3453B-6B70-4CC2-99D8-EED5A6DD916F}
		{C5445E79-76CA-4E50-9423-21349D535BB1} = {E2D3453B-6B70-4CC2-99D8-EED5A6DD916F}
		{3CBB74AD-FFFB-4248-A49C-5BE51E3B7BDF} = {BDAA306A-D4DE-454B-8725-767A186282AB}
		{F7A6AB4C-98EB-48BF-83C4-534424C6773A} = {BDAA306A-D4DE-454B-8725-767A186282AB}
		{2EBE318A-97AF-4428-9D45-40C43B22AFB4} = {BDAA306A-D4DE-454B-8725-767A186282AB}
		{29269CF2-CF21-43A1-A46A-57FB25179A8B} = {C5445E79-76CA-4E50-9423-21349D535BB1}
		{5DDFB343-F150-48A7-992A-7101D0C0CA4D} = {C5445E79-76CA-4E50-9423-21349D535BB1}
		{66811235-CA21-4F71-A2F4-1A50E0640355} = {C5445E79-76CA-4E50-9423-21349D535BB1}
		{B7DA71A0-619F-4C7C-B2F0-32F8A9E5421B} = {E2B4D106-A746-4B5F-A5DA-EDCF8B68ECDD}
		{9CD50B90-4DA1-45AF-8078-04E9D5376C19} = {E2B4D106-A746-4B5F-A5DA-EDCF8B68ECDD}
		{ADD90D9E-1E2F-4112-B6A2-75D311B48539} = {E2B4D106-A746-4B5F-A5DA-EDCF8B68ECDD}
	EndGlobalSection
	GlobalSection(ExtensibilityGlobals) = postSolution
		SolutionGuid = {58710562-EE24-456E-B10F-6F37A12E49FA}
	EndGlobalSection
EndGlobal
